
Microsoft Visual Studio Solution File, Format Version 12.00
# Visual Studio Version 17
VisualStudioVersion = 17.0.31903.59
MinimumVisualStudioVersion = 10.0.40219.1
Project("{2150E333-8FDC-42A3-9474-1A3956D46DE8}") = "src", "src", "{AD07F93A-FD31-4DC5-9E4A-2BE2B8F818BE}"
	ProjectSection(SolutionItems) = preProject
		docker-compose.yml = docker-compose.yml
	EndProjectSection
EndProject
Project("{FAE04EC0-301F-11D3-BF4B-00C04F79EFBC}") = "AuctionService", "src\AuctionService\AuctionService.csproj", "{3BF54FB3-25A5-4491-8522-B5D777506BED}"
EndProject
Project("{FAE04EC0-301F-11D3-BF4B-00C04F79EFBC}") = "SearchService", "src\SearchService\SearchService.csproj", "{1EA22E14-C955-420E-B114-885172A78187}"
EndProject
Project("{FAE04EC0-301F-11D3-BF4B-00C04F79EFBC}") = "Contracts", "src\Contracts\Contracts.csproj", "{54185FC3-53B8-432E-A68F-C2C30D225BDA}"
EndProject
Project("{FAE04EC0-301F-11D3-BF4B-00C04F79EFBC}") = "IdentityService", "src\IdentityService\IdentityService.csproj", "{26DECB60-B95A-4FFE-89A1-EBC5DB53A794}"
EndProject
Project("{FAE04EC0-301F-11D3-BF4B-00C04F79EFBC}") = "GatewayService", "src\GatewayService\GatewayService.csproj", "{036E6F9E-97A9-433E-A749-19A9572EBFD8}"
EndProject
Project("{FAE04EC0-301F-11D3-BF4B-00C04F79EFBC}") = "BiddingService", "src\BiddingService\BiddingService.csproj", "{3C722037-963D-4714-8246-9ACC39FA0F66}"
EndProject
Global
	GlobalSection(SolutionConfigurationPlatforms) = preSolution
		Debug|Any CPU = Debug|Any CPU
		Release|Any CPU = Release|Any CPU
	EndGlobalSection
	GlobalSection(ProjectConfigurationPlatforms) = postSolution
		{3BF54FB3-25A5-4491-8522-B5D777506BED}.Debug|Any CPU.ActiveCfg = Debug|Any CPU
		{3BF54FB3-25A5-4491-8522-B5D777506BED}.Debug|Any CPU.Build.0 = Debug|Any CPU
		{3BF54FB3-25A5-4491-8522-B5D777506BED}.Release|Any CPU.ActiveCfg = Release|Any CPU
		{3BF54FB3-25A5-4491-8522-B5D777506BED}.Release|Any CPU.Build.0 = Release|Any CPU
		{1EA22E14-C955-420E-B114-885172A78187}.Debug|Any CPU.ActiveCfg = Debug|Any CPU
		{1EA22E14-C955-420E-B114-885172A78187}.Debug|Any CPU.Build.0 = Debug|Any CPU
		{1EA22E14-C955-420E-B114-885172A78187}.Release|Any CPU.ActiveCfg = Release|Any CPU
		{1EA22E14-C955-420E-B114-885172A78187}.Release|Any CPU.Build.0 = Release|Any CPU
		{54185FC3-53B8-432E-A68F-C2C30D225BDA}.Debug|Any CPU.ActiveCfg = Debug|Any CPU
		{54185FC3-53B8-432E-A68F-C2C30D225BDA}.Debug|Any CPU.Build.0 = Debug|Any CPU
		{54185FC3-53B8-432E-A68F-C2C30D225BDA}.Release|Any CPU.ActiveCfg = Release|Any CPU
		{54185FC3-53B8-432E-A68F-C2C30D225BDA}.Release|Any CPU.Build.0 = Release|Any CPU
		{26DECB60-B95A-4FFE-89A1-EBC5DB53A794}.Debug|Any CPU.ActiveCfg = Debug|Any CPU
		{26DECB60-B95A-4FFE-89A1-EBC5DB53A794}.Debug|Any CPU.Build.0 = Debug|Any CPU
		{26DECB60-B95A-4FFE-89A1-EBC5DB53A794}.Release|Any CPU.ActiveCfg = Release|Any CPU
		{26DECB60-B95A-4FFE-89A1-EBC5DB53A794}.Release|Any CPU.Build.0 = Release|Any CPU
		{036E6F9E-97A9-433E-A749-19A9572EBFD8}.Debug|Any CPU.ActiveCfg = Debug|Any CPU
		{036E6F9E-97A9-433E-A749-19A9572EBFD8}.Debug|Any CPU.Build.0 = Debug|Any CPU
		{036E6F9E-97A9-433E-A749-19A9572EBFD8}.Release|Any CPU.ActiveCfg = Release|Any CPU
		{036E6F9E-97A9-433E-A749-19A9572EBFD8}.Release|Any CPU.Build.0 = Release|Any CPU
		{3C722037-963D-4714-8246-9ACC39FA0F66}.Debug|Any CPU.ActiveCfg = Debug|Any CPU
		{3C722037-963D-4714-8246-9ACC39FA0F66}.Debug|Any CPU.Build.0 = Debug|Any CPU
		{3C722037-963D-4714-8246-9ACC39FA0F66}.Release|Any CPU.ActiveCfg = Release|Any CPU
		{3C722037-963D-4714-8246-9ACC39FA0F66}.Release|Any CPU.Build.0 = Release|Any CPU
	EndGlobalSection
	GlobalSection(SolutionProperties) = preSolution
		HideSolutionNode = FALSE
	EndGlobalSection
	GlobalSection(NestedProjects) = preSolution
		{3BF54FB3-25A5-4491-8522-B5D777506BED} = {AD07F93A-FD31-4DC5-9E4A-2BE2B8F818BE}
		{1EA22E14-C955-420E-B114-885172A78187} = {AD07F93A-FD31-4DC5-9E4A-2BE2B8F818BE}
		{54185FC3-53B8-432E-A68F-C2C30D225BDA} = {AD07F93A-FD31-4DC5-9E4A-2BE2B8F818BE}
		{26DECB60-B95A-4FFE-89A1-EBC5DB53A794} = {AD07F93A-FD31-4DC5-9E4A-2BE2B8F818BE}
		{036E6F9E-97A9-433E-A749-19A9572EBFD8} = {AD07F93A-FD31-4DC5-9E4A-2BE2B8F818BE}
		{3C722037-963D-4714-8246-9ACC39FA0F66} = {AD07F93A-FD31-4DC5-9E4A-2BE2B8F818BE}
	EndGlobalSection
EndGlobal
